
Microsoft Visual Studio Solution File, Format Version 12.00
# Visual Studio Version 16
VisualStudioVersion = 16.0.31702.278
MinimumVisualStudioVersion = 10.0.40219.1
Project("{FAE04EC0-301F-11D3-BF4B-00C04F79EFBC}") = "IteratorsAndComparators", "IteratorsAndComparators\IteratorsAndComparators.csproj", "{B97436ED-0DB4-4940-B2D5-73F18E9B0C18}"
EndProject
Global
	GlobalSection(SolutionConfigurationPlatforms) = preSolution
		Debug|Any CPU = Debug|Any CPU
		Release|Any CPU = Release|Any CPU
	EndGlobalSection
	GlobalSection(ProjectConfigurationPlatforms) = postSolution
		{B97436ED-0DB4-4940-B2D5-73F18E9B0C18}.Debug|Any CPU.ActiveCfg = Debug|Any CPU
		{B97436ED-0DB4-4940-B2D5-73F18E9B0C18}.Debug|Any CPU.Build.0 = Debug|Any CPU
		{B97436ED-0DB4-4940-B2D5-73F18E9B0C18}.Release|Any CPU.ActiveCfg = Release|Any CPU
		{B97436ED-0DB4-4940-B2D5-73F18E9B0C18}.Release|Any CPU.Build.0 = Release|Any CPU
	EndGlobalSection
	GlobalSection(SolutionProperties) = preSolution
		HideSolutionNode = FALSE
	EndGlobalSection
	GlobalSection(ExtensibilityGlobals) = postSolution
		SolutionGuid = {8426EC7B-94B0-4E43-AE33-6506D85F3D5D}
	EndGlobalSection
EndGlobal
