
Microsoft Visual Studio Solution File, Format Version 12.00
# Visual Studio Version 16
VisualStudioVersion = 16.0.31205.134
MinimumVisualStudioVersion = 10.0.40219.1
Project("{FAE04EC0-301F-11D3-BF4B-00C04F79EFBC}") = "01.easter lunch", "01.easter lunch\01.easter lunch.csproj", "{74B53705-E4B9-408B-8A1D-5EDA161C4018}"
EndProject
Project("{FAE04EC0-301F-11D3-BF4B-00C04F79EFBC}") = "02.FutballScore", "02.FutballScore\02.FutballScore.csproj", "{B6F7353E-03BB-444C-8CBE-9F0E56145C01}"
EndProject
Global
	GlobalSection(SolutionConfigurationPlatforms) = preSolution
		Debug|Any CPU = Debug|Any CPU
		Release|Any CPU = Release|Any CPU
	EndGlobalSection
	GlobalSection(ProjectConfigurationPlatforms) = postSolution
		{74B53705-E4B9-408B-8A1D-5EDA161C4018}.Debug|Any CPU.ActiveCfg = Debug|Any CPU
		{74B53705-E4B9-408B-8A1D-5EDA161C4018}.Debug|Any CPU.Build.0 = Debug|Any CPU
		{74B53705-E4B9-408B-8A1D-5EDA161C4018}.Release|Any CPU.ActiveCfg = Release|Any CPU
		{74B53705-E4B9-408B-8A1D-5EDA161C4018}.Release|Any CPU.Build.0 = Release|Any CPU
		{B6F7353E-03BB-444C-8CBE-9F0E56145C01}.Debug|Any CPU.ActiveCfg = Debug|Any CPU
		{B6F7353E-03BB-444C-8CBE-9F0E56145C01}.Debug|Any CPU.Build.0 = Debug|Any CPU
		{B6F7353E-03BB-444C-8CBE-9F0E56145C01}.Release|Any CPU.ActiveCfg = Release|Any CPU
		{B6F7353E-03BB-444C-8CBE-9F0E56145C01}.Release|Any CPU.Build.0 = Release|Any CPU
	EndGlobalSection
	GlobalSection(SolutionProperties) = preSolution
		HideSolutionNode = FALSE
	EndGlobalSection
	GlobalSection(ExtensibilityGlobals) = postSolution
		SolutionGuid = {525A9E78-D44E-4D96-A1C1-48BC86F2F6B5}
	EndGlobalSection
EndGlobal
