
Microsoft Visual Studio Solution File, Format Version 12.00
# Visual Studio Version 16
VisualStudioVersion = 16.0.31702.278
MinimumVisualStudioVersion = 10.0.40219.1
Project("{9A19103F-16F7-4668-BE54-9A1E7A4F7556}") = "Blacksmith", "Blacksmith\Blacksmith.csproj", "{CE1F42A5-C6BB-4427-B1ED-A332315D7EC4}"
EndProject
Project("{9A19103F-16F7-4668-BE54-9A1E7A4F7556}") = "Armory", "Armory\Armory.csproj", "{EA6AA88D-7F44-4D90-84EA-CD6B51916F91}"
EndProject
Project("{FAE04EC0-301F-11D3-BF4B-00C04F79EFBC}") = "Food Finder", "Food Finder\Food Finder.csproj", "{04D40176-D66D-4081-8458-2F0117FE7F64}"
EndProject
Project("{FAE04EC0-301F-11D3-BF4B-00C04F79EFBC}") = "Pawn Wars", "Pawn Wars\Pawn Wars.csproj", "{49E16649-8DDA-4848-A8DF-BC4A804CD32A}"
EndProject
Global
	GlobalSection(SolutionConfigurationPlatforms) = preSolution
		Debug|Any CPU = Debug|Any CPU
		Release|Any CPU = Release|Any CPU
	EndGlobalSection
	GlobalSection(ProjectConfigurationPlatforms) = postSolution
		{CE1F42A5-C6BB-4427-B1ED-A332315D7EC4}.Debug|Any CPU.ActiveCfg = Debug|Any CPU
		{CE1F42A5-C6BB-4427-B1ED-A332315D7EC4}.Debug|Any CPU.Build.0 = Debug|Any CPU
		{CE1F42A5-C6BB-4427-B1ED-A332315D7EC4}.Release|Any CPU.ActiveCfg = Release|Any CPU
		{CE1F42A5-C6BB-4427-B1ED-A332315D7EC4}.Release|Any CPU.Build.0 = Release|Any CPU
		{EA6AA88D-7F44-4D90-84EA-CD6B51916F91}.Debug|Any CPU.ActiveCfg = Debug|Any CPU
		{EA6AA88D-7F44-4D90-84EA-CD6B51916F91}.Debug|Any CPU.Build.0 = Debug|Any CPU
		{EA6AA88D-7F44-4D90-84EA-CD6B51916F91}.Release|Any CPU.ActiveCfg = Release|Any CPU
		{EA6AA88D-7F44-4D90-84EA-CD6B51916F91}.Release|Any CPU.Build.0 = Release|Any CPU
		{04D40176-D66D-4081-8458-2F0117FE7F64}.Debug|Any CPU.ActiveCfg = Debug|Any CPU
		{04D40176-D66D-4081-8458-2F0117FE7F64}.Debug|Any CPU.Build.0 = Debug|Any CPU
		{04D40176-D66D-4081-8458-2F0117FE7F64}.Release|Any CPU.ActiveCfg = Release|Any CPU
		{04D40176-D66D-4081-8458-2F0117FE7F64}.Release|Any CPU.Build.0 = Release|Any CPU
		{49E16649-8DDA-4848-A8DF-BC4A804CD32A}.Debug|Any CPU.ActiveCfg = Debug|Any CPU
		{49E16649-8DDA-4848-A8DF-BC4A804CD32A}.Debug|Any CPU.Build.0 = Debug|Any CPU
		{49E16649-8DDA-4848-A8DF-BC4A804CD32A}.Release|Any CPU.ActiveCfg = Release|Any CPU
		{49E16649-8DDA-4848-A8DF-BC4A804CD32A}.Release|Any CPU.Build.0 = Release|Any CPU
	EndGlobalSection
	GlobalSection(SolutionProperties) = preSolution
		HideSolutionNode = FALSE
	EndGlobalSection
	GlobalSection(ExtensibilityGlobals) = postSolution
		SolutionGuid = {E2681904-7396-482D-B0FA-8D21BD2CB551}
	EndGlobalSection
EndGlobal
