
Microsoft Visual Studio Solution File, Format Version 12.00
# Visual Studio Version 16
VisualStudioVersion = 16.0.31702.278
MinimumVisualStudioVersion = 10.0.40219.1
Project("{9A19103F-16F7-4668-BE54-9A1E7A4F7556}") = "OddLines", "01. Odd Lines\OddLines.csproj", "{68D2E023-8325-4646-958F-3C9077A31F04}"
EndProject
Global
	GlobalSection(SolutionConfigurationPlatforms) = preSolution
		Debug|Any CPU = Debug|Any CPU
		Release|Any CPU = Release|Any CPU
	EndGlobalSection
	GlobalSection(ProjectConfigurationPlatforms) = postSolution
		{68D2E023-8325-4646-958F-3C9077A31F04}.Debug|Any CPU.ActiveCfg = Debug|Any CPU
		{68D2E023-8325-4646-958F-3C9077A31F04}.Debug|Any CPU.Build.0 = Debug|Any CPU
		{68D2E023-8325-4646-958F-3C9077A31F04}.Release|Any CPU.ActiveCfg = Release|Any CPU
		{68D2E023-8325-4646-958F-3C9077A31F04}.Release|Any CPU.Build.0 = Release|Any CPU
	EndGlobalSection
	GlobalSection(SolutionProperties) = preSolution
		HideSolutionNode = FALSE
	EndGlobalSection
	GlobalSection(ExtensibilityGlobals) = postSolution
		SolutionGuid = {1DA8C26F-56E0-44E6-8EAE-6540A930AF4B}
	EndGlobalSection
EndGlobal
