
Microsoft Visual Studio Solution File, Format Version 12.00
# Visual Studio Version 16
VisualStudioVersion = 16.0.31702.278
MinimumVisualStudioVersion = 10.0.40219.1
Project("{9A19103F-16F7-4668-BE54-9A1E7A4F7556}") = "01. Train", "01. Train\01. Train.csproj", "{8D7BD438-0A31-4C31-8EC6-2637D4705E60}"
EndProject
Project("{9A19103F-16F7-4668-BE54-9A1E7A4F7556}") = "02. Change List", "02. Change List\02. Change List.csproj", "{AF75C50B-EB7A-4E6E-97FA-D104780DB7A4}"
EndProject
Project("{9A19103F-16F7-4668-BE54-9A1E7A4F7556}") = "03. House Party", "03. House Party\03. House Party.csproj", "{72ABAD5A-3A4F-4B62-8543-B2B14FF36555}"
EndProject
Project("{9A19103F-16F7-4668-BE54-9A1E7A4F7556}") = "04. List Operations", "04. List Operations\04. List Operations.csproj", "{A935D5BD-2372-45EC-9401-B87D6725C579}"
EndProject
Project("{9A19103F-16F7-4668-BE54-9A1E7A4F7556}") = "05. Bomb Numbers", "05. Bomb Numbers\05. Bomb Numbers.csproj", "{4F13B1DD-FED8-4D5A-BA41-70736BB6F7B6}"
EndProject
Project("{9A19103F-16F7-4668-BE54-9A1E7A4F7556}") = "06. Cards Game", "06. Cards Game\06. Cards Game.csproj", "{C3E3AD0C-958B-4B3D-ADE0-F787C716E80F}"
EndProject
Project("{9A19103F-16F7-4668-BE54-9A1E7A4F7556}") = "07. Append Arrays", "07. Append Arrays\07. Append Arrays.csproj", "{B1C23805-EA11-430B-B0AE-8B8D32F2D654}"
EndProject
Project("{9A19103F-16F7-4668-BE54-9A1E7A4F7556}") = "08. Anonymous Threat", "08. Anonymous Threat\08. Anonymous Threat.csproj", "{110A92A9-835A-4BD7-A7BE-E2E0291DE91D}"
EndProject
Project("{FAE04EC0-301F-11D3-BF4B-00C04F79EFBC}") = "09. Pokemon Don't Go", "09. Pokemon Don't Go\09. Pokemon Don't Go.csproj", "{BCFBE928-0723-4BCD-AFFE-D994CECE9069}"
EndProject
Project("{FAE04EC0-301F-11D3-BF4B-00C04F79EFBC}") = "10. SoftUni Course Planning", "10. SoftUni Course Planning\10. SoftUni Course Planning.csproj", "{437886E1-9FEA-4510-A2DD-225DDDF2006D}"
EndProject
Global
	GlobalSection(SolutionConfigurationPlatforms) = preSolution
		Debug|Any CPU = Debug|Any CPU
		Release|Any CPU = Release|Any CPU
	EndGlobalSection
	GlobalSection(ProjectConfigurationPlatforms) = postSolution
		{8D7BD438-0A31-4C31-8EC6-2637D4705E60}.Debug|Any CPU.ActiveCfg = Debug|Any CPU
		{8D7BD438-0A31-4C31-8EC6-2637D4705E60}.Debug|Any CPU.Build.0 = Debug|Any CPU
		{8D7BD438-0A31-4C31-8EC6-2637D4705E60}.Release|Any CPU.ActiveCfg = Release|Any CPU
		{8D7BD438-0A31-4C31-8EC6-2637D4705E60}.Release|Any CPU.Build.0 = Release|Any CPU
		{AF75C50B-EB7A-4E6E-97FA-D104780DB7A4}.Debug|Any CPU.ActiveCfg = Debug|Any CPU
		{AF75C50B-EB7A-4E6E-97FA-D104780DB7A4}.Debug|Any CPU.Build.0 = Debug|Any CPU
		{AF75C50B-EB7A-4E6E-97FA-D104780DB7A4}.Release|Any CPU.ActiveCfg = Release|Any CPU
		{AF75C50B-EB7A-4E6E-97FA-D104780DB7A4}.Release|Any CPU.Build.0 = Release|Any CPU
		{72ABAD5A-3A4F-4B62-8543-B2B14FF36555}.Debug|Any CPU.ActiveCfg = Debug|Any CPU
		{72ABAD5A-3A4F-4B62-8543-B2B14FF36555}.Debug|Any CPU.Build.0 = Debug|Any CPU
		{72ABAD5A-3A4F-4B62-8543-B2B14FF36555}.Release|Any CPU.ActiveCfg = Release|Any CPU
		{72ABAD5A-3A4F-4B62-8543-B2B14FF36555}.Release|Any CPU.Build.0 = Release|Any CPU
		{A935D5BD-2372-45EC-9401-B87D6725C579}.Debug|Any CPU.ActiveCfg = Debug|Any CPU
		{A935D5BD-2372-45EC-9401-B87D6725C579}.Debug|Any CPU.Build.0 = Debug|Any CPU
		{A935D5BD-2372-45EC-9401-B87D6725C579}.Release|Any CPU.ActiveCfg = Release|Any CPU
		{A935D5BD-2372-45EC-9401-B87D6725C579}.Release|Any CPU.Build.0 = Release|Any CPU
		{4F13B1DD-FED8-4D5A-BA41-70736BB6F7B6}.Debug|Any CPU.ActiveCfg = Debug|Any CPU
		{4F13B1DD-FED8-4D5A-BA41-70736BB6F7B6}.Debug|Any CPU.Build.0 = Debug|Any CPU
		{4F13B1DD-FED8-4D5A-BA41-70736BB6F7B6}.Release|Any CPU.ActiveCfg = Release|Any CPU
		{4F13B1DD-FED8-4D5A-BA41-70736BB6F7B6}.Release|Any CPU.Build.0 = Release|Any CPU
		{C3E3AD0C-958B-4B3D-ADE0-F787C716E80F}.Debug|Any CPU.ActiveCfg = Debug|Any CPU
		{C3E3AD0C-958B-4B3D-ADE0-F787C716E80F}.Debug|Any CPU.Build.0 = Debug|Any CPU
		{C3E3AD0C-958B-4B3D-ADE0-F787C716E80F}.Release|Any CPU.ActiveCfg = Release|Any CPU
		{C3E3AD0C-958B-4B3D-ADE0-F787C716E80F}.Release|Any CPU.Build.0 = Release|Any CPU
		{B1C23805-EA11-430B-B0AE-8B8D32F2D654}.Debug|Any CPU.ActiveCfg = Debug|Any CPU
		{B1C23805-EA11-430B-B0AE-8B8D32F2D654}.Debug|Any CPU.Build.0 = Debug|Any CPU
		{B1C23805-EA11-430B-B0AE-8B8D32F2D654}.Release|Any CPU.ActiveCfg = Release|Any CPU
		{B1C23805-EA11-430B-B0AE-8B8D32F2D654}.Release|Any CPU.Build.0 = Release|Any CPU
		{110A92A9-835A-4BD7-A7BE-E2E0291DE91D}.Debug|Any CPU.ActiveCfg = Debug|Any CPU
		{110A92A9-835A-4BD7-A7BE-E2E0291DE91D}.Debug|Any CPU.Build.0 = Debug|Any CPU
		{110A92A9-835A-4BD7-A7BE-E2E0291DE91D}.Release|Any CPU.ActiveCfg = Release|Any CPU
		{110A92A9-835A-4BD7-A7BE-E2E0291DE91D}.Release|Any CPU.Build.0 = Release|Any CPU
		{BCFBE928-0723-4BCD-AFFE-D994CECE9069}.Debug|Any CPU.ActiveCfg = Debug|Any CPU
		{BCFBE928-0723-4BCD-AFFE-D994CECE9069}.Debug|Any CPU.Build.0 = Debug|Any CPU
		{BCFBE928-0723-4BCD-AFFE-D994CECE9069}.Release|Any CPU.ActiveCfg = Release|Any CPU
		{BCFBE928-0723-4BCD-AFFE-D994CECE9069}.Release|Any CPU.Build.0 = Release|Any CPU
		{437886E1-9FEA-4510-A2DD-225DDDF2006D}.Debug|Any CPU.ActiveCfg = Debug|Any CPU
		{437886E1-9FEA-4510-A2DD-225DDDF2006D}.Debug|Any CPU.Build.0 = Debug|Any CPU
		{437886E1-9FEA-4510-A2DD-225DDDF2006D}.Release|Any CPU.ActiveCfg = Release|Any CPU
		{437886E1-9FEA-4510-A2DD-225DDDF2006D}.Release|Any CPU.Build.0 = Release|Any CPU
	EndGlobalSection
	GlobalSection(SolutionProperties) = preSolution
		HideSolutionNode = FALSE
	EndGlobalSection
	GlobalSection(ExtensibilityGlobals) = postSolution
		SolutionGuid = {F2CC5174-8B96-4503-87B8-CEA6E3418689}
	EndGlobalSection
EndGlobal
