
Microsoft Visual Studio Solution File, Format Version 12.00
# Visual Studio Version 16
VisualStudioVersion = 16.0.31702.278
MinimumVisualStudioVersion = 10.0.40219.1
Project("{9A19103F-16F7-4668-BE54-9A1E7A4F7556}") = "Vehicles", "Vehicles\Vehicles.csproj", "{2B24DC3E-EB00-4456-9AC9-12AC86AA2D5F}"
EndProject
Project("{9A19103F-16F7-4668-BE54-9A1E7A4F7556}") = "Raiding", "Raiding\Raiding.csproj", "{7F5758A2-7C2B-4AC2-AD83-E36060FC71B4}"
EndProject
Project("{FAE04EC0-301F-11D3-BF4B-00C04F79EFBC}") = "WildFarm", "WildFarm\WildFarm.csproj", "{D4033542-F464-46A1-B11F-AD03360DB559}"
EndProject
Global
	GlobalSection(SolutionConfigurationPlatforms) = preSolution
		Debug|Any CPU = Debug|Any CPU
		Release|Any CPU = Release|Any CPU
	EndGlobalSection
	GlobalSection(ProjectConfigurationPlatforms) = postSolution
		{2B24DC3E-EB00-4456-9AC9-12AC86AA2D5F}.Debug|Any CPU.ActiveCfg = Debug|Any CPU
		{2B24DC3E-EB00-4456-9AC9-12AC86AA2D5F}.Debug|Any CPU.Build.0 = Debug|Any CPU
		{2B24DC3E-EB00-4456-9AC9-12AC86AA2D5F}.Release|Any CPU.ActiveCfg = Release|Any CPU
		{2B24DC3E-EB00-4456-9AC9-12AC86AA2D5F}.Release|Any CPU.Build.0 = Release|Any CPU
		{7F5758A2-7C2B-4AC2-AD83-E36060FC71B4}.Debug|Any CPU.ActiveCfg = Debug|Any CPU
		{7F5758A2-7C2B-4AC2-AD83-E36060FC71B4}.Debug|Any CPU.Build.0 = Debug|Any CPU
		{7F5758A2-7C2B-4AC2-AD83-E36060FC71B4}.Release|Any CPU.ActiveCfg = Release|Any CPU
		{7F5758A2-7C2B-4AC2-AD83-E36060FC71B4}.Release|Any CPU.Build.0 = Release|Any CPU
		{D4033542-F464-46A1-B11F-AD03360DB559}.Debug|Any CPU.ActiveCfg = Debug|Any CPU
		{D4033542-F464-46A1-B11F-AD03360DB559}.Debug|Any CPU.Build.0 = Debug|Any CPU
		{D4033542-F464-46A1-B11F-AD03360DB559}.Release|Any CPU.ActiveCfg = Release|Any CPU
		{D4033542-F464-46A1-B11F-AD03360DB559}.Release|Any CPU.Build.0 = Release|Any CPU
	EndGlobalSection
	GlobalSection(SolutionProperties) = preSolution
		HideSolutionNode = FALSE
	EndGlobalSection
	GlobalSection(ExtensibilityGlobals) = postSolution
		SolutionGuid = {E79B34F7-073A-4D1F-9D9B-400E90C18D6A}
	EndGlobalSection
EndGlobal
